
Microsoft Visual Studio Solution File, Format Version 12.00
# Visual Studio Version 17
VisualStudioVersion = 17.11.35303.130
MinimumVisualStudioVersion = 10.0.40219.1
Project("{FAE04EC0-301F-11D3-BF4B-00C04F79EFBC}") = "7Lotto", "7Lotto\7Lotto.csproj", "{FEF03260-FFD5-48BD-B8FE-C527CEC200A7}"
EndProject
Global
	GlobalSection(SolutionConfigurationPlatforms) = preSolution
		Debug|Any CPU = Debug|Any CPU
		Release|Any CPU = Release|Any CPU
	EndGlobalSection
	GlobalSection(ProjectConfigurationPlatforms) = postSolution
		{FEF03260-FFD5-48BD-B8FE-C527CEC200A7}.Debug|Any CPU.ActiveCfg = Debug|Any CPU
		{FEF03260-FFD5-48BD-B8FE-C527CEC200A7}.Debug|Any CPU.Build.0 = Debug|Any CPU
		{FEF03260-FFD5-48BD-B8FE-C527CEC200A7}.Release|Any CPU.ActiveCfg = Release|Any CPU
		{FEF03260-FFD5-48BD-B8FE-C527CEC200A7}.Release|Any CPU.Build.0 = Release|Any CPU
	EndGlobalSection
	GlobalSection(SolutionProperties) = preSolution
		HideSolutionNode = FALSE
	EndGlobalSection
	GlobalSection(ExtensibilityGlobals) = postSolution
		SolutionGuid = {F643DC50-FD8B-412C-872D-2E8886DD876D}
	EndGlobalSection
EndGlobal
